
Microsoft Visual Studio Solution File, Format Version 12.00
# Visual Studio 15
VisualStudioVersion = 15.0.26730.8
MinimumVisualStudioVersion = 10.0.40219.1
Project("{8BC9CEB8-8B4A-11D0-8D11-00A0C91BC942}") = "cfg20", "cfg20.vcxproj", "{3E1FDCE5-D5AF-480F-99A9-CB949A2F34BB}"
EndProject
Global
	GlobalSection(SolutionConfigurationPlatforms) = preSolution
		Debug|x64 = Debug|x64
		Debug|x86 = Debug|x86
		Release|x64 = Release|x64
		Release|x86 = Release|x86
	EndGlobalSection
	GlobalSection(ProjectConfigurationPlatforms) = postSolution
		{3E1FDCE5-D5AF-480F-99A9-CB949A2F34BB}.Debug|x64.ActiveCfg = Debug|x64
		{3E1FDCE5-D5AF-480F-99A9-CB949A2F34BB}.Debug|x64.Build.0 = Debug|x64
		{3E1FDCE5-D5AF-480F-99A9-CB949A2F34BB}.Debug|x86.ActiveCfg = Debug|Win32
		{3E1FDCE5-D5AF-480F-99A9-CB949A2F34BB}.Debug|x86.Build.0 = Debug|Win32
		{3E1FDCE5-D5AF-480F-99A9-CB949A2F34BB}.Release|x64.ActiveCfg = Release|x64
		{3E1FDCE5-D5AF-480F-99A9-CB949A2F34BB}.Release|x64.Build.0 = Release|x64
		{3E1FDCE5-D5AF-480F-99A9-CB949A2F34BB}.Release|x86.ActiveCfg = Release|Win32
		{3E1FDCE5-D5AF-480F-99A9-CB949A2F34BB}.Release|x86.Build.0 = Release|Win32
	EndGlobalSection
	GlobalSection(SolutionProperties) = preSolution
		HideSolutionNode = FALSE
	EndGlobalSection
	GlobalSection(ExtensibilityGlobals) = postSolution
		SolutionGuid = {91EB25D3-3894-4C99-A49D-86DA1EE9E32C}
	EndGlobalSection
EndGlobal
